{
  "nodes": {
    "flake-utils": {
      "inputs": {
        "nixpkgs": "nixpkgs",
        "numtide-flake-utils": "numtide-flake-utils"
      },
      "locked": {
        "lastModified": 1628645417,
        "narHash": "sha256-N98u20D1zkTpoVrMvIkV6NQUnVCZiRhUm5UwPa+YyU8=",
        "owner": "nwg",
        "repo": "flake-utils",
        "rev": "920260024e506cc3cea7cf00aa9d88dac4b172c7",
        "type": "github"
      },
      "original": {
        "owner": "nwg",
        "repo": "flake-utils",
        "type": "github"
      }
    },
    "nixpkgs": {
      "locked": {
        "lastModified": 1628626629,
        "narHash": "sha256-xU8I9dUGWaknWA6mRka/lxOJXNkYkdaAnEnLjbUAUuk=",
        "owner": "NixOS",
        "repo": "nixpkgs",
        "rev": "c792caaf60b8650a624ff539548d61649d790e03",
        "type": "github"
      },
      "original": {
        "id": "nixpkgs",
        "type": "indirect"
      }
    },
    "nixpkgs_2": {
      "locked": {
        "lastModified": 1628607662,
        "narHash": "sha256-TT7jldaYFtHGdVX/yE6FjdpPdNY01xIygB2zGjzFTqk=",
        "owner": "NixOS",
        "repo": "nixpkgs",
        "rev": "2d6ab6c6b92f7aaf8bc53baba9754b9bfdce56f2",
        "type": "github"
      },
      "original": {
        "owner": "NixOS",
        "ref": "nixos-21.05",
        "repo": "nixpkgs",
        "type": "github"
      }
    },
    "numtide-flake-utils": {
      "locked": {
        "lastModified": 1623875721,
        "narHash": "sha256-A8BU7bjS5GirpAUv4QA+QnJ4CceLHkcXdRp4xITDB0s=",
        "owner": "numtide",
        "repo": "flake-utils",
        "rev": "f7e004a55b120c02ecb6219596820fcd32ca8772",
        "type": "github"
      },
      "original": {
        "owner": "numtide",
        "repo": "flake-utils",
        "type": "github"
      }
    },
    "root": {
      "inputs": {
        "flake-utils": "flake-utils",
        "nixpkgs": "nixpkgs_2"
      }
    }
  },
  "root": "root",
  "version": 7
}
