{
  "nodes": {
    "nixpkgs": {
      "locked": {
        "lastModified": 1623515171,
        "narHash": "sha256-kDwXHikopkWgSd+W1DX+MCdmkMA2chs3/Zjqvi5G3Uw=",
        "owner": "NixOS",
        "repo": "nixpkgs",
        "rev": "81b3481d79a599d90138768a964b7d70d8996f97",
        "type": "github"
      },
      "original": {
        "owner": "NixOS",
        "ref": "nixos-21.05",
        "repo": "nixpkgs",
        "type": "github"
      }
    },
    "root": {
      "inputs": {
        "nixpkgs": "nixpkgs"
      }
    }
  },
  "root": "root",
  "version": 7
}
